<?xml version="1.0" encoding="utf-8"?>
<Project ToolsVersion="4.0" xmlns="http://schemas.microsoft.com/developer/msbuild/2003">
  <ItemGroup>
    <Filter Include="Source Files">
      <UniqueIdentifier>{4FC737F1-C7A5-4376-A066-2A32D752A2FF}</UniqueIdentifier>
      <Extensions>cpp;c;cc;cxx;def;odl;idl;hpj;bat;asm;asmx</Extensions>
    </Filter>
    <Filter Include="Header Files">
      <UniqueIdentifier>{93995380-89BD-4b04-88EB-625FBE52EBFB}</UniqueIdentifier>
      <Extensions>h;hh;hpp;hxx;hm;inl;inc;xsd</Extensions>
    </Filter>
    <Filter Include="Resource Files">
      <UniqueIdentifier>{67DA6AB6-F800-4c08-8B7A-83BB121AAD01}</UniqueIdentifier>
      <Extensions>rc;ico;cur;bmp;dlg;rc2;rct;bin;rgs;gif;jpg;jpeg;jpe;resx;tiff;tif;png;wav;mfcribbon-ms</Extensions>
    </Filter>
  </ItemGroup>
  <ItemGroup>
    <ClCompile Include="src\main.cpp">
      <Filter>Source Files</Filter>
    </ClCompile>
    <ClCompile Include="src\graphics\window.cpp">
      <Filter>Source Files</Filter>
    </ClCompile>
    <ClCompile Include="src\application\application.cpp">
      <Filter>Source Files</Filter>
    </ClCompile>
    <ClCompile Include="src\math\vec2.cpp">
      <Filter>Source Files</Filter>
    </ClCompile>
    <ClCompile Include="src\game\map.cpp">
      <Filter>Source Files</Filter>
    </ClCompile>
    <ClCompile Include="src\input\input.cpp">
      <Filter>Source Files</Filter>
    </ClCompile>
    <ClCompile Include="src\util\log.cpp">
      <Filter>Source Files</Filter>
    </ClCompile>
    <ClCompile Include="src\game\camera.cpp">
      <Filter>Source Files</Filter>
    </ClCompile>
    <ClCompile Include="src\game\scenegraph.cpp">
      <Filter>Source Files</Filter>
    </ClCompile>
    <ClCompile Include="src\graphics\buffers\buffer.cpp">
      <Filter>Source Files</Filter>
    </ClCompile>
    <ClCompile Include="src\graphics\buffers\bufferlayout.cpp">
      <Filter>Source Files</Filter>
    </ClCompile>
    <ClCompile Include="src\graphics\buffers\vertexarray.cpp">
      <Filter>Source Files</Filter>
    </ClCompile>
    <ClCompile Include="src\graphics\buffers\indexbuffer.cpp">
      <Filter>Source Files</Filter>
    </ClCompile>
    <ClCompile Include="src\graphics\shader.cpp">
      <Filter>Source Files</Filter>
    </ClCompile>
    <ClCompile Include="src\graphics\texture.cpp">
      <Filter>Source Files</Filter>
    </ClCompile>
    <ClCompile Include="src\math\vec4.cpp">
      <Filter>Source Files</Filter>
    </ClCompile>
    <ClCompile Include="src\physics\collider.cpp">
      <Filter>Source Files</Filter>
    </ClCompile>
    <ClCompile Include="src\game\conversation.cpp">
      <Filter>Source Files</Filter>
    </ClCompile>
    <ClCompile Include="src\graphics\font.cpp">
      <Filter>Source Files</Filter>
    </ClCompile>
    <ClCompile Include="src\graphics\textbox.cpp">
      <Filter>Source Files</Filter>
    </ClCompile>
    <ClCompile Include="src\game\assets\texturedata.cpp">
      <Filter>Source Files</Filter>
    </ClCompile>
    <ClCompile Include="src\game\assets\geometrydata.cpp">
      <Filter>Source Files</Filter>
    </ClCompile>
    <ClCompile Include="src\graphics\mesh.cpp">
      <Filter>Source Files</Filter>
    </ClCompile>
    <ClCompile Include="src\graphics\sprite.cpp">
      <Filter>Source Files</Filter>
    </ClCompile>
    <ClCompile Include="src\game\assets\spritedata.cpp">
      <Filter>Source Files</Filter>
    </ClCompile>
    <ClCompile Include="src\game\entity\actor.cpp">
      <Filter>Source Files</Filter>
    </ClCompile>
    <ClCompile Include="src\game\entity\entity.cpp">
      <Filter>Source Files</Filter>
    </ClCompile>
    <ClCompile Include="src\game\entity\controllers\aicontroller.cpp">
      <Filter>Source Files</Filter>
    </ClCompile>
    <ClCompile Include="src\game\entity\controllers\inputcontroller.cpp">
      <Filter>Source Files</Filter>
    </ClCompile>
    <ClCompile Include="src\physics\physicsobject.cpp">
      <Filter>Source Files</Filter>
    </ClCompile>
    <ClCompile Include="src\graphics\renderers\renderer.cpp">
      <Filter>Source Files</Filter>
    </ClCompile>
    <ClCompile Include="src\graphics\renderers\batchrenderer.cpp">
      <Filter>Source Files</Filter>
    </ClCompile>
    <ClCompile Include="src\graphics\layer.cpp">
      <Filter>Source Files</Filter>
    </ClCompile>
    <ClCompile Include="src\math\vec3.cpp">
      <Filter>Source Files</Filter>
    </ClCompile>
    <ClCompile Include="src\graphics\renderers\spritebatch.cpp">
      <Filter>Source Files</Filter>
    </ClCompile>
    <ClCompile Include="src\graphics\renderers\textrenderer.cpp">
      <Filter>Source Files</Filter>
    </ClCompile>
    <ClCompile Include="src\graphics\renderers\textbatch.cpp">
      <Filter>Source Files</Filter>
    </ClCompile>
    <ClCompile Include="src\graphics\renderers\quadbatch.cpp">
      <Filter>Source Files</Filter>
    </ClCompile>
    <ClCompile Include="src\graphics\renderers\quadrenderer.cpp">
      <Filter>Source Files</Filter>
    </ClCompile>
    <ClCompile Include="src\application\assetManager.cpp">
      <Filter>Source Files</Filter>
    </ClCompile>
    <ClCompile Include="src\game\entity\components\staticgraphicscomponent.cpp">
      <Filter>Source Files</Filter>
    </ClCompile>
    <ClCompile Include="src\game\entity\components\animatedgraphicscomponent.cpp">
      <Filter>Source Files</Filter>
    </ClCompile>
    <ClCompile Include="src\game\states\menustate.cpp">
      <Filter>Source Files</Filter>
    </ClCompile>
    <ClCompile Include="src\ui\slider.cpp">
      <Filter>Source Files</Filter>
    </ClCompile>
    <ClCompile Include="src\graphics\screen.cpp">
      <Filter>Source Files</Filter>
    </ClCompile>
    <ClCompile Include="src\graphics\label.cpp">
      <Filter>Source Files</Filter>
    </ClCompile>
    <ClCompile Include="src\graphics\button.cpp">
      <Filter>Source Files</Filter>
    </ClCompile>
    <ClCompile Include="src\game\gameObs.cpp">
      <Filter>Source Files</Filter>
    </ClCompile>
    <ClCompile Include="src\game\states\gamestate.cpp">
      <Filter>Source Files</Filter>
    </ClCompile>
  </ItemGroup>
  <ItemGroup>
    <ClInclude Include="src\application\application.h">
      <Filter>Header Files</Filter>
    </ClInclude>
    <ClInclude Include="src\graphics\window.h">
      <Filter>Header Files</Filter>
    </ClInclude>
    <ClInclude Include="src\defs.h">
      <Filter>Header Files</Filter>
    </ClInclude>
    <ClInclude Include="src\math\vec2.h">
      <Filter>Header Files</Filter>
    </ClInclude>
    <ClInclude Include="src\game\map.h">
      <Filter>Header Files</Filter>
    </ClInclude>
    <ClInclude Include="src\math\math.h">
      <Filter>Header Files</Filter>
    </ClInclude>
    <ClInclude Include="src\input\input.h">
      <Filter>Header Files</Filter>
    </ClInclude>
    <ClInclude Include="src\util\log.h">
      <Filter>Header Files</Filter>
    </ClInclude>
    <ClInclude Include="src\game\camera.h">
      <Filter>Header Files</Filter>
    </ClInclude>
    <ClInclude Include="src\game\scenegraph.h">
      <Filter>Header Files</Filter>
    </ClInclude>
    <ClInclude Include="src\globals.h">
      <Filter>Header Files</Filter>
    </ClInclude>
    <ClInclude Include="src\util\file.h">
      <Filter>Header Files</Filter>
    </ClInclude>
    <ClInclude Include="src\util\glutil.h">
      <Filter>Header Files</Filter>
    </ClInclude>
    <ClInclude Include="src\graphics\buffers\buffer.h">
      <Filter>Header Files</Filter>
    </ClInclude>
    <ClInclude Include="src\graphics\buffers\bufferlayout.h">
      <Filter>Header Files</Filter>
    </ClInclude>
    <ClInclude Include="src\graphics\buffers\vertexarray.h">
      <Filter>Header Files</Filter>
    </ClInclude>
    <ClInclude Include="src\graphics\buffers\indexbuffer.h">
      <Filter>Header Files</Filter>
    </ClInclude>
    <ClInclude Include="src\graphics\shader.h">
      <Filter>Header Files</Filter>
    </ClInclude>
    <ClInclude Include="src\graphics\texture.h">
      <Filter>Header Files</Filter>
    </ClInclude>
    <ClInclude Include="src\math\vec4.h">
      <Filter>Header Files</Filter>
    </ClInclude>
    <ClInclude Include="src\graphics\sprite.h">
      <Filter>Header Files</Filter>
    </ClInclude>
    <ClInclude Include="src\math\shapes.h">
      <Filter>Header Files</Filter>
    </ClInclude>
    <ClInclude Include="src\physics\collider.h">
      <Filter>Header Files</Filter>
    </ClInclude>
    <ClInclude Include="src\physics\physicsobject.h">
      <Filter>Header Files</Filter>
    </ClInclude>
    <ClInclude Include="src\game\conversation.h">
      <Filter>Header Files</Filter>
    </ClInclude>
    <ClInclude Include="src\graphics\font.h">
      <Filter>Header Files</Filter>
    </ClInclude>
    <ClInclude Include="src\graphics\textbox.h">
      <Filter>Header Files</Filter>
    </ClInclude>
    <ClInclude Include="src\application\observer.h">
      <Filter>Header Files</Filter>
    </ClInclude>
    <ClInclude Include="src\game\assets\assetdata.h">
      <Filter>Header Files</Filter>
    </ClInclude>
    <ClInclude Include="src\game\assets\texturedata.h">
      <Filter>Header Files</Filter>
    </ClInclude>
    <ClInclude Include="src\game\assets\geometrydata.h">
      <Filter>Header Files</Filter>
    </ClInclude>
    <ClInclude Include="src\graphics\mesh.h">
      <Filter>Header Files</Filter>
    </ClInclude>
    <ClInclude Include="src\game\assets\dataops.h">
      <Filter>Header Files</Filter>
    </ClInclude>
    <ClInclude Include="src\game\assets\spritedata.h">
      <Filter>Header Files</Filter>
    </ClInclude>
    <ClInclude Include="src\game\entity\actor.h">
      <Filter>Header Files</Filter>
    </ClInclude>
    <ClInclude Include="src\game\entity\entity.h">
      <Filter>Header Files</Filter>
    </ClInclude>
    <ClInclude Include="src\game\entity\controllers\aicontroller.h">
      <Filter>Header Files</Filter>
    </ClInclude>
    <ClInclude Include="src\game\entity\controllers\controller.h">
      <Filter>Header Files</Filter>
    </ClInclude>
    <ClInclude Include="src\game\entity\controllers\inputcontroller.h">
      <Filter>Header Files</Filter>
    </ClInclude>
    <ClInclude Include="src\game\states\state.h">
      <Filter>Header Files</Filter>
    </ClInclude>
    <ClInclude Include="src\graphics\renderers\batchrenderer.h">
      <Filter>Header Files</Filter>
    </ClInclude>
    <ClInclude Include="src\graphics\renderers\renderer.h">
      <Filter>Header Files</Filter>
    </ClInclude>
    <ClInclude Include="src\graphics\layer.h">
      <Filter>Header Files</Filter>
    </ClInclude>
    <ClInclude Include="src\math\vec3.h">
      <Filter>Header Files</Filter>
    </ClInclude>
    <ClInclude Include="src\graphics\renderers\spritebatch.h">
      <Filter>Header Files</Filter>
    </ClInclude>
    <ClInclude Include="src\graphics\renderers\textrenderer.h">
      <Filter>Header Files</Filter>
    </ClInclude>
    <ClInclude Include="src\graphics\renderers\textbatch.h">
      <Filter>Header Files</Filter>
    </ClInclude>
    <ClInclude Include="src\graphics\renderers\quadrenderer.h">
      <Filter>Header Files</Filter>
    </ClInclude>
    <ClInclude Include="src\graphics\renderers\quadbatch.h">
      <Filter>Header Files</Filter>
    </ClInclude>
    <ClInclude Include="src\util\assetcollection.h">
      <Filter>Header Files</Filter>
    </ClInclude>
    <ClInclude Include="src\application\assetmanager.h">
      <Filter>Header Files</Filter>
    </ClInclude>
    <ClInclude Include="src\datatypes\asset.h">
      <Filter>Header Files</Filter>
    </ClInclude>
    <ClInclude Include="src\game\entity\components\component.h">
      <Filter>Header Files</Filter>
    </ClInclude>
    <ClInclude Include="src\game\entity\components\graphicscomponent.h">
      <Filter>Header Files</Filter>
    </ClInclude>
    <ClInclude Include="src\game\entity\components\staticgraphicscomponent.h">
      <Filter>Header Files</Filter>
    </ClInclude>
    <ClInclude Include="src\game\entity\components\animatedgraphicscomponent.h">
      <Filter>Header Files</Filter>
    </ClInclude>
    <ClInclude Include="src\game\states\menustate.h">
      <Filter>Header Files</Filter>
    </ClInclude>
    <ClInclude Include="src\ui\slider.h">
      <Filter>Header Files</Filter>
    </ClInclude>
    <ClInclude Include="src\util\timer.h">
      <Filter>Header Files</Filter>
    </ClInclude>
    <ClInclude Include="src\graphics\screenelement.h">
      <Filter>Header Files</Filter>
    </ClInclude>
    <ClInclude Include="src\graphics\screen.h">
      <Filter>Header Files</Filter>
    </ClInclude>
    <ClInclude Include="src\graphics\label.h">
      <Filter>Header Files</Filter>
    </ClInclude>
    <ClInclude Include="src\graphics\button.h">
      <Filter>Header Files</Filter>
    </ClInclude>
    <ClInclude Include="src\game\gameObs.h">
      <Filter>Header Files</Filter>
    </ClInclude>
    <ClInclude Include="src\game\states\gamestate.h">
      <Filter>Header Files</Filter>
    </ClInclude>
  </ItemGroup>
</Project>